
Microsoft Visual Studio Solution File, Format Version 12.00
# Visual Studio Version 16
VisualStudioVersion = 16.0.31729.503
MinimumVisualStudioVersion = 10.0.40219.1
Project("{8BC9CEB8-8B4A-11D0-8D11-00A0C91BC942}") = "ALL_BUILD", "ALL_BUILD.vcxproj", "{FEC18511-B3DA-3DC4-9F63-6217598D9D2B}"
	ProjectSection(ProjectDependencies) = postProject
		{0E94857B-FEB9-3824-BACE-4B02FC670FAE} = {0E94857B-FEB9-3824-BACE-4B02FC670FAE}
		{193AC3B8-6289-37AA-BA5C-75E42267FC3D} = {193AC3B8-6289-37AA-BA5C-75E42267FC3D}
		{BFFE6F97-902D-3F2A-9023-313C0FE0F409} = {BFFE6F97-902D-3F2A-9023-313C0FE0F409}
		{8BE301B1-C007-3BC6-9127-FB4F2A795691} = {8BE301B1-C007-3BC6-9127-FB4F2A795691}
	EndProjectSection
EndProject
Project("{8BC9CEB8-8B4A-11D0-8D11-00A0C91BC942}") = "INSTALL", "INSTALL.vcxproj", "{A316CE9B-1AC2-36AA-8199-56B6BE01DAE7}"
	ProjectSection(ProjectDependencies) = postProject
		{FEC18511-B3DA-3DC4-9F63-6217598D9D2B} = {FEC18511-B3DA-3DC4-9F63-6217598D9D2B}
		{0E94857B-FEB9-3824-BACE-4B02FC670FAE} = {0E94857B-FEB9-3824-BACE-4B02FC670FAE}
	EndProjectSection
EndProject
Project("{8BC9CEB8-8B4A-11D0-8D11-00A0C91BC942}") = "ZERO_CHECK", "ZERO_CHECK.vcxproj", "{0E94857B-FEB9-3824-BACE-4B02FC670FAE}"
EndProject
Project("{8BC9CEB8-8B4A-11D0-8D11-00A0C91BC942}") = "dark", "dark.vcxproj", "{193AC3B8-6289-37AA-BA5C-75E42267FC3D}"
	ProjectSection(ProjectDependencies) = postProject
		{0E94857B-FEB9-3824-BACE-4B02FC670FAE} = {0E94857B-FEB9-3824-BACE-4B02FC670FAE}
	EndProjectSection
EndProject
Project("{8BC9CEB8-8B4A-11D0-8D11-00A0C91BC942}") = "darknet", "darknet.vcxproj", "{BFFE6F97-902D-3F2A-9023-313C0FE0F409}"
	ProjectSection(ProjectDependencies) = postProject
		{0E94857B-FEB9-3824-BACE-4B02FC670FAE} = {0E94857B-FEB9-3824-BACE-4B02FC670FAE}
	EndProjectSection
EndProject
Project("{8BC9CEB8-8B4A-11D0-8D11-00A0C91BC942}") = "uselib", "uselib.vcxproj", "{8BE301B1-C007-3BC6-9127-FB4F2A795691}"
	ProjectSection(ProjectDependencies) = postProject
		{0E94857B-FEB9-3824-BACE-4B02FC670FAE} = {0E94857B-FEB9-3824-BACE-4B02FC670FAE}
		{193AC3B8-6289-37AA-BA5C-75E42267FC3D} = {193AC3B8-6289-37AA-BA5C-75E42267FC3D}
	EndProjectSection
EndProject
Global
	GlobalSection(SolutionConfigurationPlatforms) = preSolution
		Debug|x64 = Debug|x64
		MinSizeRel|x64 = MinSizeRel|x64
		Release|x64 = Release|x64
		RelWithDebInfo|x64 = RelWithDebInfo|x64
	EndGlobalSection
	GlobalSection(ProjectConfigurationPlatforms) = postSolution
		{FEC18511-B3DA-3DC4-9F63-6217598D9D2B}.Debug|x64.ActiveCfg = Debug|x64
		{FEC18511-B3DA-3DC4-9F63-6217598D9D2B}.Debug|x64.Build.0 = Debug|x64
		{FEC18511-B3DA-3DC4-9F63-6217598D9D2B}.MinSizeRel|x64.ActiveCfg = MinSizeRel|x64
		{FEC18511-B3DA-3DC4-9F63-6217598D9D2B}.MinSizeRel|x64.Build.0 = MinSizeRel|x64
		{FEC18511-B3DA-3DC4-9F63-6217598D9D2B}.Release|x64.ActiveCfg = Release|x64
		{FEC18511-B3DA-3DC4-9F63-6217598D9D2B}.Release|x64.Build.0 = Release|x64
		{FEC18511-B3DA-3DC4-9F63-6217598D9D2B}.RelWithDebInfo|x64.ActiveCfg = RelWithDebInfo|x64
		{FEC18511-B3DA-3DC4-9F63-6217598D9D2B}.RelWithDebInfo|x64.Build.0 = RelWithDebInfo|x64
		{A316CE9B-1AC2-36AA-8199-56B6BE01DAE7}.Debug|x64.ActiveCfg = Debug|x64
		{A316CE9B-1AC2-36AA-8199-56B6BE01DAE7}.MinSizeRel|x64.ActiveCfg = MinSizeRel|x64
		{A316CE9B-1AC2-36AA-8199-56B6BE01DAE7}.Release|x64.ActiveCfg = Release|x64
		{A316CE9B-1AC2-36AA-8199-56B6BE01DAE7}.Release|x64.Build.0 = Release|x64
		{A316CE9B-1AC2-36AA-8199-56B6BE01DAE7}.RelWithDebInfo|x64.ActiveCfg = RelWithDebInfo|x64
		{0E94857B-FEB9-3824-BACE-4B02FC670FAE}.Debug|x64.ActiveCfg = Debug|x64
		{0E94857B-FEB9-3824-BACE-4B02FC670FAE}.Debug|x64.Build.0 = Debug|x64
		{0E94857B-FEB9-3824-BACE-4B02FC670FAE}.MinSizeRel|x64.ActiveCfg = MinSizeRel|x64
		{0E94857B-FEB9-3824-BACE-4B02FC670FAE}.MinSizeRel|x64.Build.0 = MinSizeRel|x64
		{0E94857B-FEB9-3824-BACE-4B02FC670FAE}.Release|x64.ActiveCfg = Release|x64
		{0E94857B-FEB9-3824-BACE-4B02FC670FAE}.Release|x64.Build.0 = Release|x64
		{0E94857B-FEB9-3824-BACE-4B02FC670FAE}.RelWithDebInfo|x64.ActiveCfg = RelWithDebInfo|x64
		{0E94857B-FEB9-3824-BACE-4B02FC670FAE}.RelWithDebInfo|x64.Build.0 = RelWithDebInfo|x64
		{193AC3B8-6289-37AA-BA5C-75E42267FC3D}.Debug|x64.ActiveCfg = Debug|x64
		{193AC3B8-6289-37AA-BA5C-75E42267FC3D}.Debug|x64.Build.0 = Debug|x64
		{193AC3B8-6289-37AA-BA5C-75E42267FC3D}.MinSizeRel|x64.ActiveCfg = MinSizeRel|x64
		{193AC3B8-6289-37AA-BA5C-75E42267FC3D}.MinSizeRel|x64.Build.0 = MinSizeRel|x64
		{193AC3B8-6289-37AA-BA5C-75E42267FC3D}.Release|x64.ActiveCfg = Release|x64
		{193AC3B8-6289-37AA-BA5C-75E42267FC3D}.Release|x64.Build.0 = Release|x64
		{193AC3B8-6289-37AA-BA5C-75E42267FC3D}.RelWithDebInfo|x64.ActiveCfg = RelWithDebInfo|x64
		{193AC3B8-6289-37AA-BA5C-75E42267FC3D}.RelWithDebInfo|x64.Build.0 = RelWithDebInfo|x64
		{BFFE6F97-902D-3F2A-9023-313C0FE0F409}.Debug|x64.ActiveCfg = Debug|x64
		{BFFE6F97-902D-3F2A-9023-313C0FE0F409}.Debug|x64.Build.0 = Debug|x64
		{BFFE6F97-902D-3F2A-9023-313C0FE0F409}.MinSizeRel|x64.ActiveCfg = MinSizeRel|x64
		{BFFE6F97-902D-3F2A-9023-313C0FE0F409}.MinSizeRel|x64.Build.0 = MinSizeRel|x64
		{BFFE6F97-902D-3F2A-9023-313C0FE0F409}.Release|x64.ActiveCfg = Release|x64
		{BFFE6F97-902D-3F2A-9023-313C0FE0F409}.Release|x64.Build.0 = Release|x64
		{BFFE6F97-902D-3F2A-9023-313C0FE0F409}.RelWithDebInfo|x64.ActiveCfg = RelWithDebInfo|x64
		{BFFE6F97-902D-3F2A-9023-313C0FE0F409}.RelWithDebInfo|x64.Build.0 = RelWithDebInfo|x64
		{8BE301B1-C007-3BC6-9127-FB4F2A795691}.Debug|x64.ActiveCfg = Debug|x64
		{8BE301B1-C007-3BC6-9127-FB4F2A795691}.Debug|x64.Build.0 = Debug|x64
		{8BE301B1-C007-3BC6-9127-FB4F2A795691}.MinSizeRel|x64.ActiveCfg = MinSizeRel|x64
		{8BE301B1-C007-3BC6-9127-FB4F2A795691}.MinSizeRel|x64.Build.0 = MinSizeRel|x64
		{8BE301B1-C007-3BC6-9127-FB4F2A795691}.Release|x64.ActiveCfg = Release|x64
		{8BE301B1-C007-3BC6-9127-FB4F2A795691}.Release|x64.Build.0 = Release|x64
		{8BE301B1-C007-3BC6-9127-FB4F2A795691}.RelWithDebInfo|x64.ActiveCfg = RelWithDebInfo|x64
		{8BE301B1-C007-3BC6-9127-FB4F2A795691}.RelWithDebInfo|x64.Build.0 = RelWithDebInfo|x64
	EndGlobalSection
	GlobalSection(SolutionProperties) = preSolution
		HideSolutionNode = FALSE
	EndGlobalSection
	GlobalSection(ExtensibilityGlobals) = postSolution
		SolutionGuid = {D8CF7201-272F-3D7E-B361-E6782A76AE8A}
	EndGlobalSection
EndGlobal
